
Microsoft Visual Studio Solution File, Format Version 12.00
# Visual Studio Version 16
VisualStudioVersion = 16.0.30717.126
MinimumVisualStudioVersion = 10.0.40219.1
Project("{FAE04EC0-301F-11D3-BF4B-00C04F79EFBC}") = "SecretaryApp.Android", "SecretaryApp\SecretaryApp.Android\SecretaryApp.Android.csproj", "{C16B8472-B6F9-45CF-A6D8-4224F53FA43C}"
EndProject
Project("{FAE04EC0-301F-11D3-BF4B-00C04F79EFBC}") = "SecretaryApp.iOS", "SecretaryApp\SecretaryApp.iOS\SecretaryApp.iOS.csproj", "{BA5A2C5A-196E-4BDE-A91C-B3BB38501D87}"
EndProject
Project("{FAE04EC0-301F-11D3-BF4B-00C04F79EFBC}") = "SecretaryApp", "SecretaryApp\SecretaryApp\SecretaryApp.csproj", "{8D4D1ABB-72FB-4975-9BA3-47F0879A069F}"
EndProject
Global
	GlobalSection(SolutionConfigurationPlatforms) = preSolution
		Debug|Any CPU = Debug|Any CPU
		Debug|iPhone = Debug|iPhone
		Debug|iPhoneSimulator = Debug|iPhoneSimulator
		Release|Any CPU = Release|Any CPU
		Release|iPhone = Release|iPhone
		Release|iPhoneSimulator = Release|iPhoneSimulator
	EndGlobalSection
	GlobalSection(ProjectConfigurationPlatforms) = postSolution
		{C16B8472-B6F9-45CF-A6D8-4224F53FA43C}.Debug|Any CPU.ActiveCfg = Debug|Any CPU
		{C16B8472-B6F9-45CF-A6D8-4224F53FA43C}.Debug|Any CPU.Build.0 = Debug|Any CPU
		{C16B8472-B6F9-45CF-A6D8-4224F53FA43C}.Debug|Any CPU.Deploy.0 = Debug|Any CPU
		{C16B8472-B6F9-45CF-A6D8-4224F53FA43C}.Debug|iPhone.ActiveCfg = Debug|Any CPU
		{C16B8472-B6F9-45CF-A6D8-4224F53FA43C}.Debug|iPhone.Build.0 = Debug|Any CPU
		{C16B8472-B6F9-45CF-A6D8-4224F53FA43C}.Debug|iPhone.Deploy.0 = Debug|Any CPU
		{C16B8472-B6F9-45CF-A6D8-4224F53FA43C}.Debug|iPhoneSimulator.ActiveCfg = Debug|Any CPU
		{C16B8472-B6F9-45CF-A6D8-4224F53FA43C}.Debug|iPhoneSimulator.Build.0 = Debug|Any CPU
		{C16B8472-B6F9-45CF-A6D8-4224F53FA43C}.Debug|iPhoneSimulator.Deploy.0 = Debug|Any CPU
		{C16B8472-B6F9-45CF-A6D8-4224F53FA43C}.Release|Any CPU.ActiveCfg = Release|Any CPU
		{C16B8472-B6F9-45CF-A6D8-4224F53FA43C}.Release|Any CPU.Build.0 = Release|Any CPU
		{C16B8472-B6F9-45CF-A6D8-4224F53FA43C}.Release|Any CPU.Deploy.0 = Release|Any CPU
		{C16B8472-B6F9-45CF-A6D8-4224F53FA43C}.Release|iPhone.ActiveCfg = Release|Any CPU
		{C16B8472-B6F9-45CF-A6D8-4224F53FA43C}.Release|iPhone.Build.0 = Release|Any CPU
		{C16B8472-B6F9-45CF-A6D8-4224F53FA43C}.Release|iPhone.Deploy.0 = Release|Any CPU
		{C16B8472-B6F9-45CF-A6D8-4224F53FA43C}.Release|iPhoneSimulator.ActiveCfg = Release|Any CPU
		{C16B8472-B6F9-45CF-A6D8-4224F53FA43C}.Release|iPhoneSimulator.Build.0 = Release|Any CPU
		{C16B8472-B6F9-45CF-A6D8-4224F53FA43C}.Release|iPhoneSimulator.Deploy.0 = Release|Any CPU
		{BA5A2C5A-196E-4BDE-A91C-B3BB38501D87}.Debug|Any CPU.ActiveCfg = Debug|iPhone
		{BA5A2C5A-196E-4BDE-A91C-B3BB38501D87}.Debug|Any CPU.Build.0 = Debug|iPhone
		{BA5A2C5A-196E-4BDE-A91C-B3BB38501D87}.Debug|Any CPU.Deploy.0 = Debug|iPhone
		{BA5A2C5A-196E-4BDE-A91C-B3BB38501D87}.Debug|iPhone.ActiveCfg = Debug|iPhone
		{BA5A2C5A-196E-4BDE-A91C-B3BB38501D87}.Debug|iPhone.Build.0 = Debug|iPhone
		{BA5A2C5A-196E-4BDE-A91C-B3BB38501D87}.Debug|iPhone.Deploy.0 = Debug|iPhone
		{BA5A2C5A-196E-4BDE-A91C-B3BB38501D87}.Debug|iPhoneSimulator.ActiveCfg = Debug|iPhoneSimulator
		{BA5A2C5A-196E-4BDE-A91C-B3BB38501D87}.Debug|iPhoneSimulator.Build.0 = Debug|iPhoneSimulator
		{BA5A2C5A-196E-4BDE-A91C-B3BB38501D87}.Debug|iPhoneSimulator.Deploy.0 = Debug|iPhoneSimulator
		{BA5A2C5A-196E-4BDE-A91C-B3BB38501D87}.Release|Any CPU.ActiveCfg = Release|iPhoneSimulator
		{BA5A2C5A-196E-4BDE-A91C-B3BB38501D87}.Release|Any CPU.Build.0 = Release|iPhoneSimulator
		{BA5A2C5A-196E-4BDE-A91C-B3BB38501D87}.Release|Any CPU.Deploy.0 = Release|iPhoneSimulator
		{BA5A2C5A-196E-4BDE-A91C-B3BB38501D87}.Release|iPhone.ActiveCfg = Release|iPhone
		{BA5A2C5A-196E-4BDE-A91C-B3BB38501D87}.Release|iPhone.Build.0 = Release|iPhone
		{BA5A2C5A-196E-4BDE-A91C-B3BB38501D87}.Release|iPhone.Deploy.0 = Release|iPhone
		{BA5A2C5A-196E-4BDE-A91C-B3BB38501D87}.Release|iPhoneSimulator.ActiveCfg = Release|iPhoneSimulator
		{BA5A2C5A-196E-4BDE-A91C-B3BB38501D87}.Release|iPhoneSimulator.Build.0 = Release|iPhoneSimulator
		{BA5A2C5A-196E-4BDE-A91C-B3BB38501D87}.Release|iPhoneSimulator.Deploy.0 = Release|iPhoneSimulator
		{8D4D1ABB-72FB-4975-9BA3-47F0879A069F}.Debug|Any CPU.ActiveCfg = Debug|Any CPU
		{8D4D1ABB-72FB-4975-9BA3-47F0879A069F}.Debug|Any CPU.Build.0 = Debug|Any CPU
		{8D4D1ABB-72FB-4975-9BA3-47F0879A069F}.Debug|Any CPU.Deploy.0 = Debug|Any CPU
		{8D4D1ABB-72FB-4975-9BA3-47F0879A069F}.Debug|iPhone.ActiveCfg = Debug|Any CPU
		{8D4D1ABB-72FB-4975-9BA3-47F0879A069F}.Debug|iPhone.Build.0 = Debug|Any CPU
		{8D4D1ABB-72FB-4975-9BA3-47F0879A069F}.Debug|iPhone.Deploy.0 = Debug|Any CPU
		{8D4D1ABB-72FB-4975-9BA3-47F0879A069F}.Debug|iPhoneSimulator.ActiveCfg = Debug|Any CPU
		{8D4D1ABB-72FB-4975-9BA3-47F0879A069F}.Debug|iPhoneSimulator.Build.0 = Debug|Any CPU
		{8D4D1ABB-72FB-4975-9BA3-47F0879A069F}.Debug|iPhoneSimulator.Deploy.0 = Debug|Any CPU
		{8D4D1ABB-72FB-4975-9BA3-47F0879A069F}.Release|Any CPU.ActiveCfg = Release|Any CPU
		{8D4D1ABB-72FB-4975-9BA3-47F0879A069F}.Release|Any CPU.Build.0 = Release|Any CPU
		{8D4D1ABB-72FB-4975-9BA3-47F0879A069F}.Release|Any CPU.Deploy.0 = Release|Any CPU
		{8D4D1ABB-72FB-4975-9BA3-47F0879A069F}.Release|iPhone.ActiveCfg = Release|Any CPU
		{8D4D1ABB-72FB-4975-9BA3-47F0879A069F}.Release|iPhone.Build.0 = Release|Any CPU
		{8D4D1ABB-72FB-4975-9BA3-47F0879A069F}.Release|iPhone.Deploy.0 = Release|Any CPU
		{8D4D1ABB-72FB-4975-9BA3-47F0879A069F}.Release|iPhoneSimulator.ActiveCfg = Release|Any CPU
		{8D4D1ABB-72FB-4975-9BA3-47F0879A069F}.Release|iPhoneSimulator.Build.0 = Release|Any CPU
		{8D4D1ABB-72FB-4975-9BA3-47F0879A069F}.Release|iPhoneSimulator.Deploy.0 = Release|Any CPU
	EndGlobalSection
	GlobalSection(SolutionProperties) = preSolution
		HideSolutionNode = FALSE
	EndGlobalSection
	GlobalSection(ExtensibilityGlobals) = postSolution
		SolutionGuid = {17709D0E-9C1B-46D3-AA27-59CBE2A8E8FC}
	EndGlobalSection
EndGlobal
